// !$*UTF8*$!
{
	archiveVersion = 1;
	classes = {
	};
	objectVersion = 56;
	objects = {

/* Begin PBXBuildFile section */
		0144AABE293C435D0037F823 /* CustomPureInCodeTableView.swift in Sources */ = {isa = PBXBuildFile; fileRef = 0144AABD293C435D0037F823 /* CustomPureInCodeTableView.swift */; };
		0144AAC1293C43A60037F823 /* CustomTableViewWindowController.swift in Sources */ = {isa = PBXBuildFile; fileRef = 0144AABF293C43A60037F823 /* CustomTableViewWindowController.swift */; };
		0144AAC2293C43A60037F823 /* CustomTableViewWindowController.xib in Resources */ = {isa = PBXBuildFile; fileRef = 0144AAC0293C43A60037F823 /* CustomTableViewWindowController.xib */; };
		014CE76A293B79E400653EA7 /* PopoverTipsViewController.swift in Sources */ = {isa = PBXBuildFile; fileRef = 014CE768293B79E400653EA7 /* PopoverTipsViewController.swift */; };
		014CE76B293B79E400653EA7 /* PopoverTipsViewController.xib in Resources */ = {isa = PBXBuildFile; fileRef = 014CE769293B79E400653EA7 /* PopoverTipsViewController.xib */; };
		014CE76F293B88D300653EA7 /* OneXibBindManyCustomClassFileVC.swift in Sources */ = {isa = PBXBuildFile; fileRef = 014CE76D293B88D300653EA7 /* OneXibBindManyCustomClassFileVC.swift */; };
		014CE770293B88D300653EA7 /* OneXibBindManyCustomClassFileVC.xib in Resources */ = {isa = PBXBuildFile; fileRef = 014CE76E293B88D300653EA7 /* OneXibBindManyCustomClassFileVC.xib */; };
		014CE772293B893B00653EA7 /* MyBindTableView.swift in Sources */ = {isa = PBXBuildFile; fileRef = 014CE771293B893B00653EA7 /* MyBindTableView.swift */; };
		014CE774293B894900653EA7 /* MyButton.swift in Sources */ = {isa = PBXBuildFile; fileRef = 014CE773293B894900653EA7 /* MyButton.swift */; };
		0153A8592939FB22008C4398 /* RealmDBUsageWindowController.swift in Sources */ = {isa = PBXBuildFile; fileRef = 0153A8572939FB22008C4398 /* RealmDBUsageWindowController.swift */; };
		0153A85A2939FB22008C4398 /* RealmDBUsageWindowController.xib in Resources */ = {isa = PBXBuildFile; fileRef = 0153A8582939FB22008C4398 /* RealmDBUsageWindowController.xib */; };
		0153A85C2939FBAB008C4398 /* Person.swift in Sources */ = {isa = PBXBuildFile; fileRef = 0153A85B2939FBAB008C4398 /* Person.swift */; };
		0153A85F2939FDBC008C4398 /* Realm in Frameworks */ = {isa = PBXBuildFile; productRef = 0153A85E2939FDBC008C4398 /* Realm */; };
		0153A8612939FDBC008C4398 /* RealmSwift in Frameworks */ = {isa = PBXBuildFile; productRef = 0153A8602939FDBC008C4398 /* RealmSwift */; };
		0153A865293A6E5D008C4398 /* Dog.swift in Sources */ = {isa = PBXBuildFile; fileRef = 0153A864293A6E5D008C4398 /* Dog.swift */; };
		0198EB452937335300A039BA /* LoadViewFromXibViewController.swift in Sources */ = {isa = PBXBuildFile; fileRef = 0198EB432937335300A039BA /* LoadViewFromXibViewController.swift */; };
		0198EB462937335300A039BA /* LoadViewFromXibViewController.xib in Resources */ = {isa = PBXBuildFile; fileRef = 0198EB442937335300A039BA /* LoadViewFromXibViewController.xib */; };
		0198EB48293745AE00A039BA /* BindXibWithCustomClassView.xib in Resources */ = {isa = PBXBuildFile; fileRef = 0198EB47293745AE00A039BA /* BindXibWithCustomClassView.xib */; };
		0198EB4C293745CC00A039BA /* BindXibWithCustomClassView.swift in Sources */ = {isa = PBXBuildFile; fileRef = 0198EB4B293745CC00A039BA /* BindXibWithCustomClassView.swift */; };
		0198EB652937798F00A039BA /* SandboxNetworkConnectionVC.swift in Sources */ = {isa = PBXBuildFile; fileRef = 0198EB632937798F00A039BA /* SandboxNetworkConnectionVC.swift */; };
		0198EB662937798F00A039BA /* SandboxNetworkConnectionVC.xib in Resources */ = {isa = PBXBuildFile; fileRef = 0198EB642937798F00A039BA /* SandboxNetworkConnectionVC.xib */; };
		0198EBA82938A31F00A039BA /* CustomWebViewViewController.swift in Sources */ = {isa = PBXBuildFile; fileRef = 0198EBA62938A31F00A039BA /* CustomWebViewViewController.swift */; };
		0198EBA92938A31F00A039BA /* CustomWebViewViewController.xib in Resources */ = {isa = PBXBuildFile; fileRef = 0198EBA72938A31F00A039BA /* CustomWebViewViewController.xib */; };
		01AD073D29197D9C006DE1DC /* AppDelegate.swift in Sources */ = {isa = PBXBuildFile; fileRef = 01AD073C29197D9C006DE1DC /* AppDelegate.swift */; };
		01AD073F29197D9C006DE1DC /* MacosDevNotebookMainViewController.swift in Sources */ = {isa = PBXBuildFile; fileRef = 01AD073E29197D9C006DE1DC /* MacosDevNotebookMainViewController.swift */; };
		01AD074129197D9D006DE1DC /* Assets.xcassets in Resources */ = {isa = PBXBuildFile; fileRef = 01AD074029197D9D006DE1DC /* Assets.xcassets */; };
		01AD074429197D9D006DE1DC /* Main.storyboard in Resources */ = {isa = PBXBuildFile; fileRef = 01AD074229197D9D006DE1DC /* Main.storyboard */; };
		01AD076E29198715006DE1DC /* ThemeShow.swift in Sources */ = {isa = PBXBuildFile; fileRef = 01AD076D29198715006DE1DC /* ThemeShow.swift */; };
		01B64B17293C524000BFA31C /* SnapKit in Frameworks */ = {isa = PBXBuildFile; productRef = 01B64B16293C524000BFA31C /* SnapKit */; };
		01B64B1B293C56AF00BFA31C /* UseViewControllerPresentationInWCWindowController.swift in Sources */ = {isa = PBXBuildFile; fileRef = 01B64B19293C56AF00BFA31C /* UseViewControllerPresentationInWCWindowController.swift */; };
		01B64B1C293C56AF00BFA31C /* UseViewControllerPresentationInWCWindowController.xib in Resources */ = {isa = PBXBuildFile; fileRef = 01B64B1A293C56AF00BFA31C /* UseViewControllerPresentationInWCWindowController.xib */; };
		01B64B1F293C58B300BFA31C /* ForPresentViewController.swift in Sources */ = {isa = PBXBuildFile; fileRef = 01B64B1D293C58B300BFA31C /* ForPresentViewController.swift */; };
		01B64B20293C58B300BFA31C /* ForPresentViewController.xib in Resources */ = {isa = PBXBuildFile; fileRef = 01B64B1E293C58B300BFA31C /* ForPresentViewController.xib */; };
		01B64B22293C61DB00BFA31C /* MyCustomAnimator.swift in Sources */ = {isa = PBXBuildFile; fileRef = 01B64B21293C61DB00BFA31C /* MyCustomAnimator.swift */; };
		01B64B2A293D0AC800BFA31C /* UnexpectedBUGWIndowController.swift in Sources */ = {isa = PBXBuildFile; fileRef = 01B64B28293D0AC800BFA31C /* UnexpectedBUGWIndowController.swift */; };
		01B64B2B293D0AC800BFA31C /* UnexpectedBUGWIndowController.xib in Resources */ = {isa = PBXBuildFile; fileRef = 01B64B29293D0AC800BFA31C /* UnexpectedBUGWIndowController.xib */; };
		01E3ACF52934D9EF0087B02A /* AboutWindowWindowController.swift in Sources */ = {isa = PBXBuildFile; fileRef = 01E3ACF32934D9EF0087B02A /* AboutWindowWindowController.swift */; };
		01E3ACF62934D9EF0087B02A /* AboutWindowWindowController.xib in Resources */ = {isa = PBXBuildFile; fileRef = 01E3ACF42934D9EF0087B02A /* AboutWindowWindowController.xib */; };
		01E3ACF92934E4040087B02A /* Logger.swift in Sources */ = {isa = PBXBuildFile; fileRef = 01E3ACF82934E4040087B02A /* Logger.swift */; };
/* End PBXBuildFile section */

/* Begin PBXFileReference section */
		0144AABD293C435D0037F823 /* CustomPureInCodeTableView.swift */ = {isa = PBXFileReference; lastKnownFileType = sourcecode.swift; path = CustomPureInCodeTableView.swift; sourceTree = "<group>"; };
		0144AABF293C43A60037F823 /* CustomTableViewWindowController.swift */ = {isa = PBXFileReference; lastKnownFileType = sourcecode.swift; path = CustomTableViewWindowController.swift; sourceTree = "<group>"; };
		0144AAC0293C43A60037F823 /* CustomTableViewWindowController.xib */ = {isa = PBXFileReference; lastKnownFileType = file.xib; path = CustomTableViewWindowController.xib; sourceTree = "<group>"; };
		014CE768293B79E400653EA7 /* PopoverTipsViewController.swift */ = {isa = PBXFileReference; lastKnownFileType = sourcecode.swift; path = PopoverTipsViewController.swift; sourceTree = "<group>"; };
		014CE769293B79E400653EA7 /* PopoverTipsViewController.xib */ = {isa = PBXFileReference; lastKnownFileType = file.xib; path = PopoverTipsViewController.xib; sourceTree = "<group>"; };
		014CE76D293B88D300653EA7 /* OneXibBindManyCustomClassFileVC.swift */ = {isa = PBXFileReference; lastKnownFileType = sourcecode.swift; path = OneXibBindManyCustomClassFileVC.swift; sourceTree = "<group>"; };
		014CE76E293B88D300653EA7 /* OneXibBindManyCustomClassFileVC.xib */ = {isa = PBXFileReference; lastKnownFileType = file.xib; path = OneXibBindManyCustomClassFileVC.xib; sourceTree = "<group>"; };
		014CE771293B893B00653EA7 /* MyBindTableView.swift */ = {isa = PBXFileReference; lastKnownFileType = sourcecode.swift; path = MyBindTableView.swift; sourceTree = "<group>"; };
		014CE773293B894900653EA7 /* MyButton.swift */ = {isa = PBXFileReference; lastKnownFileType = sourcecode.swift; path = MyButton.swift; sourceTree = "<group>"; };
		0153A8572939FB22008C4398 /* RealmDBUsageWindowController.swift */ = {isa = PBXFileReference; lastKnownFileType = sourcecode.swift; path = RealmDBUsageWindowController.swift; sourceTree = "<group>"; };
		0153A8582939FB22008C4398 /* RealmDBUsageWindowController.xib */ = {isa = PBXFileReference; lastKnownFileType = file.xib; path = RealmDBUsageWindowController.xib; sourceTree = "<group>"; };
		0153A85B2939FBAB008C4398 /* Person.swift */ = {isa = PBXFileReference; lastKnownFileType = sourcecode.swift; path = Person.swift; sourceTree = "<group>"; };
		0153A8622939FDCE008C4398 /* README.md */ = {isa = PBXFileReference; lastKnownFileType = net.daringfireball.markdown; path = README.md; sourceTree = "<group>"; };
		0153A864293A6E5D008C4398 /* Dog.swift */ = {isa = PBXFileReference; lastKnownFileType = sourcecode.swift; path = Dog.swift; sourceTree = "<group>"; };
		0198EB312936661000A039BA /* BUG.md */ = {isa = PBXFileReference; lastKnownFileType = net.daringfireball.markdown; path = BUG.md; sourceTree = "<group>"; };
		0198EB432937335300A039BA /* LoadViewFromXibViewController.swift */ = {isa = PBXFileReference; lastKnownFileType = sourcecode.swift; path = LoadViewFromXibViewController.swift; sourceTree = "<group>"; };
		0198EB442937335300A039BA /* LoadViewFromXibViewController.xib */ = {isa = PBXFileReference; lastKnownFileType = file.xib; path = LoadViewFromXibViewController.xib; sourceTree = "<group>"; };
		0198EB47293745AE00A039BA /* BindXibWithCustomClassView.xib */ = {isa = PBXFileReference; lastKnownFileType = file.xib; path = BindXibWithCustomClassView.xib; sourceTree = "<group>"; };
		0198EB4B293745CC00A039BA /* BindXibWithCustomClassView.swift */ = {isa = PBXFileReference; lastKnownFileType = sourcecode.swift; path = BindXibWithCustomClassView.swift; sourceTree = "<group>"; };
		0198EB632937798F00A039BA /* SandboxNetworkConnectionVC.swift */ = {isa = PBXFileReference; lastKnownFileType = sourcecode.swift; path = SandboxNetworkConnectionVC.swift; sourceTree = "<group>"; };
		0198EB642937798F00A039BA /* SandboxNetworkConnectionVC.xib */ = {isa = PBXFileReference; lastKnownFileType = file.xib; path = SandboxNetworkConnectionVC.xib; sourceTree = "<group>"; };
		0198EBA62938A31F00A039BA /* CustomWebViewViewController.swift */ = {isa = PBXFileReference; lastKnownFileType = sourcecode.swift; path = CustomWebViewViewController.swift; sourceTree = "<group>"; };
		0198EBA72938A31F00A039BA /* CustomWebViewViewController.xib */ = {isa = PBXFileReference; lastKnownFileType = file.xib; path = CustomWebViewViewController.xib; sourceTree = "<group>"; };
		01AD073929197D9C006DE1DC /* MacosDevNotebook.app */ = {isa = PBXFileReference; explicitFileType = wrapper.application; includeInIndex = 0; path = MacosDevNotebook.app; sourceTree = BUILT_PRODUCTS_DIR; };
		01AD073C29197D9C006DE1DC /* AppDelegate.swift */ = {isa = PBXFileReference; lastKnownFileType = sourcecode.swift; path = AppDelegate.swift; sourceTree = "<group>"; };
		01AD073E29197D9C006DE1DC /* MacosDevNotebookMainViewController.swift */ = {isa = PBXFileReference; lastKnownFileType = sourcecode.swift; path = MacosDevNotebookMainViewController.swift; sourceTree = "<group>"; };
		01AD074029197D9D006DE1DC /* Assets.xcassets */ = {isa = PBXFileReference; lastKnownFileType = folder.assetcatalog; path = Assets.xcassets; sourceTree = "<group>"; };
		01AD074329197D9D006DE1DC /* Base */ = {isa = PBXFileReference; lastKnownFileType = file.storyboard; name = Base; path = Base.lproj/Main.storyboard; sourceTree = "<group>"; };
		01AD074529197D9D006DE1DC /* MacosDevNotebook.entitlements */ = {isa = PBXFileReference; lastKnownFileType = text.plist.entitlements; path = MacosDevNotebook.entitlements; sourceTree = "<group>"; };
		01AD076D29198715006DE1DC /* ThemeShow.swift */ = {isa = PBXFileReference; lastKnownFileType = sourcecode.swift; path = ThemeShow.swift; sourceTree = "<group>"; };
		01B64B19293C56AF00BFA31C /* UseViewControllerPresentationInWCWindowController.swift */ = {isa = PBXFileReference; lastKnownFileType = sourcecode.swift; path = UseViewControllerPresentationInWCWindowController.swift; sourceTree = "<group>"; };
		01B64B1A293C56AF00BFA31C /* UseViewControllerPresentationInWCWindowController.xib */ = {isa = PBXFileReference; lastKnownFileType = file.xib; path = UseViewControllerPresentationInWCWindowController.xib; sourceTree = "<group>"; };
		01B64B1D293C58B300BFA31C /* ForPresentViewController.swift */ = {isa = PBXFileReference; lastKnownFileType = sourcecode.swift; path = ForPresentViewController.swift; sourceTree = "<group>"; };
		01B64B1E293C58B300BFA31C /* ForPresentViewController.xib */ = {isa = PBXFileReference; lastKnownFileType = file.xib; path = ForPresentViewController.xib; sourceTree = "<group>"; };
		01B64B21293C61DB00BFA31C /* MyCustomAnimator.swift */ = {isa = PBXFileReference; lastKnownFileType = sourcecode.swift; path = MyCustomAnimator.swift; sourceTree = "<group>"; };
		01B64B28293D0AC800BFA31C /* UnexpectedBUGWIndowController.swift */ = {isa = PBXFileReference; lastKnownFileType = sourcecode.swift; path = UnexpectedBUGWIndowController.swift; sourceTree = "<group>"; };
		01B64B29293D0AC800BFA31C /* UnexpectedBUGWIndowController.xib */ = {isa = PBXFileReference; lastKnownFileType = file.xib; path = UnexpectedBUGWIndowController.xib; sourceTree = "<group>"; };
		01E3ACF32934D9EF0087B02A /* AboutWindowWindowController.swift */ = {isa = PBXFileReference; lastKnownFileType = sourcecode.swift; path = AboutWindowWindowController.swift; sourceTree = "<group>"; };
		01E3ACF42934D9EF0087B02A /* AboutWindowWindowController.xib */ = {isa = PBXFileReference; lastKnownFileType = file.xib; path = AboutWindowWindowController.xib; sourceTree = "<group>"; };
		01E3ACF72934DCD20087B02A /* Window相关.md */ = {isa = PBXFileReference; lastKnownFileType = net.daringfireball.markdown; path = "Window相关.md"; sourceTree = "<group>"; };
		01E3ACF82934E4040087B02A /* Logger.swift */ = {isa = PBXFileReference; lastKnownFileType = sourcecode.swift; path = Logger.swift; sourceTree = "<group>"; };
/* End PBXFileReference section */

/* Begin PBXFrameworksBuildPhase section */
		01AD073629197D9C006DE1DC /* Frameworks */ = {
			isa = PBXFrameworksBuildPhase;
			buildActionMask = 2147483647;
			files = (
				01B64B17293C524000BFA31C /* SnapKit in Frameworks */,
				0153A8612939FDBC008C4398 /* RealmSwift in Frameworks */,
				0153A85F2939FDBC008C4398 /* Realm in Frameworks */,
			);
			runOnlyForDeploymentPostprocessing = 0;
		};
/* End PBXFrameworksBuildPhase section */

/* Begin PBXGroup section */
		0141F859293B78CB00576108 /* UI */ = {
			isa = PBXGroup;
			children = (
				0144AABC293C40740037F823 /* NSTableView */,
				014CE775293B8AC100653EA7 /* 显示窗口相关 */,
				0141F85A293B78DB00576108 /* Popover */,
			);
			path = UI;
			sourceTree = "<group>";
		};
		0141F85A293B78DB00576108 /* Popover */ = {
			isa = PBXGroup;
			children = (
				014CE768293B79E400653EA7 /* PopoverTipsViewController.swift */,
				014CE769293B79E400653EA7 /* PopoverTipsViewController.xib */,
			);
			path = Popover;
			sourceTree = "<group>";
		};
		0144AABC293C40740037F823 /* NSTableView */ = {
			isa = PBXGroup;
			children = (
				0144AABD293C435D0037F823 /* CustomPureInCodeTableView.swift */,
				0144AABF293C43A60037F823 /* CustomTableViewWindowController.swift */,
				0144AAC0293C43A60037F823 /* CustomTableViewWindowController.xib */,
			);
			path = NSTableView;
			sourceTree = "<group>";
		};
		014CE76C293B88B000653EA7 /* 同一个xib绑定多个customClass */ = {
			isa = PBXGroup;
			children = (
				014CE76D293B88D300653EA7 /* OneXibBindManyCustomClassFileVC.swift */,
				014CE76E293B88D300653EA7 /* OneXibBindManyCustomClassFileVC.xib */,
				014CE771293B893B00653EA7 /* MyBindTableView.swift */,
				014CE773293B894900653EA7 /* MyButton.swift */,
			);
			path = "同一个xib绑定多个customClass";
			sourceTree = "<group>";
		};
		014CE775293B8AC100653EA7 /* 显示窗口相关 */ = {
			isa = PBXGroup;
			children = (
				014CE777293B8AE900653EA7 /* WindowController */,
				014CE776293B8ADD00653EA7 /* ViewController */,
			);
			path = "显示窗口相关";
			sourceTree = "<group>";
		};
		014CE776293B8ADD00653EA7 /* ViewController */ = {
			isa = PBXGroup;
			children = (
				01B64B21293C61DB00BFA31C /* MyCustomAnimator.swift */,
			);
			path = ViewController;
			sourceTree = "<group>";
		};
		014CE777293B8AE900653EA7 /* WindowController */ = {
			isa = PBXGroup;
			children = (
				01B64B18293C567400BFA31C /* 在WindowController使用ViewController显示方式 */,
			);
			path = WindowController;
			sourceTree = "<group>";
		};
		0153A8512939FAC5008C4398 /* 数据库 */ = {
			isa = PBXGroup;
			children = (
				0153A867293B23D2008C4398 /* GRDB */,
				0153A8522939FAD5008C4398 /* Realm_Mongodb */,
			);
			path = "数据库";
			sourceTree = "<group>";
		};
		0153A8522939FAD5008C4398 /* Realm_Mongodb */ = {
			isa = PBXGroup;
			children = (
				0153A8572939FB22008C4398 /* RealmDBUsageWindowController.swift */,
				0153A8582939FB22008C4398 /* RealmDBUsageWindowController.xib */,
				0153A864293A6E5D008C4398 /* Dog.swift */,
				0153A85B2939FBAB008C4398 /* Person.swift */,
				0153A8622939FDCE008C4398 /* README.md */,
			);
			path = Realm_Mongodb;
			sourceTree = "<group>";
		};
		0153A867293B23D2008C4398 /* GRDB */ = {
			isa = PBXGroup;
			children = (
			);
			path = GRDB;
			sourceTree = "<group>";
		};
		019393A7293B71A3007DCE75 /* StoryBoardXib文件BUG */ = {
			isa = PBXGroup;
			children = (
			);
			path = "StoryBoardXib文件BUG";
			sourceTree = "<group>";
		};
		0198EB422937332E00A039BA /* Xib加载问题 */ = {
			isa = PBXGroup;
			children = (
				014CE76C293B88B000653EA7 /* 同一个xib绑定多个customClass */,
				0198EB432937335300A039BA /* LoadViewFromXibViewController.swift */,
				0198EB442937335300A039BA /* LoadViewFromXibViewController.xib */,
				0198EB4B293745CC00A039BA /* BindXibWithCustomClassView.swift */,
				0198EB47293745AE00A039BA /* BindXibWithCustomClassView.xib */,
			);
			path = "Xib加载问题";
			sourceTree = "<group>";
		};
		0198EB622937795B00A039BA /* 网络问题 */ = {
			isa = PBXGroup;
			children = (
				0198EB632937798F00A039BA /* SandboxNetworkConnectionVC.swift */,
				0198EB642937798F00A039BA /* SandboxNetworkConnectionVC.xib */,
			);
			path = "网络问题";
			sourceTree = "<group>";
		};
		0198EBA52938A2F900A039BA /* URL */ = {
			isa = PBXGroup;
			children = (
				0198EBA62938A31F00A039BA /* CustomWebViewViewController.swift */,
				0198EBA72938A31F00A039BA /* CustomWebViewViewController.xib */,
			);
			path = URL;
			sourceTree = "<group>";
		};
		01AD073029197D9C006DE1DC = {
			isa = PBXGroup;
			children = (
				01AD076D29198715006DE1DC /* ThemeShow.swift */,
				01AD073B29197D9C006DE1DC /* MacosDevNotebook */,
				01AD073A29197D9C006DE1DC /* Products */,
			);
			sourceTree = "<group>";
		};
		01AD073A29197D9C006DE1DC /* Products */ = {
			isa = PBXGroup;
			children = (
				01AD073929197D9C006DE1DC /* MacosDevNotebook.app */,
			);
			name = Products;
			sourceTree = "<group>";
		};
		01AD073B29197D9C006DE1DC /* MacosDevNotebook */ = {
			isa = PBXGroup;
			children = (
				01B64B27293D0A9800BFA31C /* 神奇意外 */,
				0141F859293B78CB00576108 /* UI */,
				019393A7293B71A3007DCE75 /* StoryBoardXib文件BUG */,
				0153A8512939FAC5008C4398 /* 数据库 */,
				0198EBA52938A2F900A039BA /* URL */,
				0198EB622937795B00A039BA /* 网络问题 */,
				0198EB422937332E00A039BA /* Xib加载问题 */,
				01E3ACF22934D9CA0087B02A /* Window */,
				01AD073C29197D9C006DE1DC /* AppDelegate.swift */,
				01AD073E29197D9C006DE1DC /* MacosDevNotebookMainViewController.swift */,
				01AD074029197D9D006DE1DC /* Assets.xcassets */,
				01AD074229197D9D006DE1DC /* Main.storyboard */,
				01AD074529197D9D006DE1DC /* MacosDevNotebook.entitlements */,
				01E3ACF82934E4040087B02A /* Logger.swift */,
				0198EB312936661000A039BA /* BUG.md */,
			);
			path = MacosDevNotebook;
			sourceTree = "<group>";
		};
		01B64B18293C567400BFA31C /* 在WindowController使用ViewController显示方式 */ = {
			isa = PBXGroup;
			children = (
				01B64B19293C56AF00BFA31C /* UseViewControllerPresentationInWCWindowController.swift */,
				01B64B1A293C56AF00BFA31C /* UseViewControllerPresentationInWCWindowController.xib */,
				01B64B1D293C58B300BFA31C /* ForPresentViewController.swift */,
				01B64B1E293C58B300BFA31C /* ForPresentViewController.xib */,
			);
			path = "在WindowController使用ViewController显示方式";
			sourceTree = "<group>";
		};
		01B64B27293D0A9800BFA31C /* 神奇意外 */ = {
			isa = PBXGroup;
			children = (
				01B64B28293D0AC800BFA31C /* UnexpectedBUGWIndowController.swift */,
				01B64B29293D0AC800BFA31C /* UnexpectedBUGWIndowController.xib */,
			);
			path = "神奇意外";
			sourceTree = "<group>";
		};
		01E3ACF22934D9CA0087B02A /* Window */ = {
			isa = PBXGroup;
			children = (
				01E3ACF32934D9EF0087B02A /* AboutWindowWindowController.swift */,
				01E3ACF42934D9EF0087B02A /* AboutWindowWindowController.xib */,
				01E3ACF72934DCD20087B02A /* Window相关.md */,
			);
			path = Window;
			sourceTree = "<group>";
		};
/* End PBXGroup section */

/* Begin PBXNativeTarget section */
		01AD073829197D9C006DE1DC /* MacosDevNotebook */ = {
			isa = PBXNativeTarget;
			buildConfigurationList = 01AD074829197D9D006DE1DC /* Build configuration list for PBXNativeTarget "MacosDevNotebook" */;
			buildPhases = (
				01AD073529197D9C006DE1DC /* Sources */,
				01AD073629197D9C006DE1DC /* Frameworks */,
				01AD073729197D9C006DE1DC /* Resources */,
			);
			buildRules = (
			);
			dependencies = (
			);
			name = MacosDevNotebook;
			packageProductDependencies = (
				0153A85E2939FDBC008C4398 /* Realm */,
				0153A8602939FDBC008C4398 /* RealmSwift */,
				01B64B16293C524000BFA31C /* SnapKit */,
			);
			productName = MacosDevNotebook;
			productReference = 01AD073929197D9C006DE1DC /* MacosDevNotebook.app */;
			productType = "com.apple.product-type.application";
		};
/* End PBXNativeTarget section */

/* Begin PBXProject section */
		01AD073129197D9C006DE1DC /* Project object */ = {
			isa = PBXProject;
			attributes = {
				BuildIndependentTargetsInParallel = 1;
				LastSwiftUpdateCheck = 1410;
				LastUpgradeCheck = 1410;
				TargetAttributes = {
					01AD073829197D9C006DE1DC = {
						CreatedOnToolsVersion = 14.1;
					};
				};
			};
			buildConfigurationList = 01AD073429197D9C006DE1DC /* Build configuration list for PBXProject "MacosDevNotebook" */;
			compatibilityVersion = "Xcode 14.0";
			developmentRegion = en;
			hasScannedForEncodings = 0;
			knownRegions = (
				en,
				Base,
			);
			mainGroup = 01AD073029197D9C006DE1DC;
			packageReferences = (
				0153A85D2939FDBC008C4398 /* XCRemoteSwiftPackageReference "realm-swift" */,
				01B64B15293C524000BFA31C /* XCRemoteSwiftPackageReference "SnapKit" */,
			);
			productRefGroup = 01AD073A29197D9C006DE1DC /* Products */;
			projectDirPath = "";
			projectRoot = "";
			targets = (
				01AD073829197D9C006DE1DC /* MacosDevNotebook */,
			);
		};
/* End PBXProject section */

/* Begin PBXResourcesBuildPhase section */
		01AD073729197D9C006DE1DC /* Resources */ = {
			isa = PBXResourcesBuildPhase;
			buildActionMask = 2147483647;
			files = (
				0198EB48293745AE00A039BA /* BindXibWithCustomClassView.xib in Resources */,
				014CE770293B88D300653EA7 /* OneXibBindManyCustomClassFileVC.xib in Resources */,
				0198EB662937798F00A039BA /* SandboxNetworkConnectionVC.xib in Resources */,
				0153A85A2939FB22008C4398 /* RealmDBUsageWindowController.xib in Resources */,
				0144AAC2293C43A60037F823 /* CustomTableViewWindowController.xib in Resources */,
				014CE76B293B79E400653EA7 /* PopoverTipsViewController.xib in Resources */,
				01AD074129197D9D006DE1DC /* Assets.xcassets in Resources */,
				01B64B2B293D0AC800BFA31C /* UnexpectedBUGWIndowController.xib in Resources */,
				01B64B1C293C56AF00BFA31C /* UseViewControllerPresentationInWCWindowController.xib in Resources */,
				0198EB462937335300A039BA /* LoadViewFromXibViewController.xib in Resources */,
				01AD074429197D9D006DE1DC /* Main.storyboard in Resources */,
				0198EBA92938A31F00A039BA /* CustomWebViewViewController.xib in Resources */,
				01E3ACF62934D9EF0087B02A /* AboutWindowWindowController.xib in Resources */,
				01B64B20293C58B300BFA31C /* ForPresentViewController.xib in Resources */,
			);
			runOnlyForDeploymentPostprocessing = 0;
		};
/* End PBXResourcesBuildPhase section */

/* Begin PBXSourcesBuildPhase section */
		01AD073529197D9C006DE1DC /* Sources */ = {
			isa = PBXSourcesBuildPhase;
			buildActionMask = 2147483647;
			files = (
				01B64B1F293C58B300BFA31C /* ForPresentViewController.swift in Sources */,
				01AD073F29197D9C006DE1DC /* MacosDevNotebookMainViewController.swift in Sources */,
				014CE76F293B88D300653EA7 /* OneXibBindManyCustomClassFileVC.swift in Sources */,
				01E3ACF92934E4040087B02A /* Logger.swift in Sources */,
				0153A865293A6E5D008C4398 /* Dog.swift in Sources */,
				0198EB652937798F00A039BA /* SandboxNetworkConnectionVC.swift in Sources */,
				0153A8592939FB22008C4398 /* RealmDBUsageWindowController.swift in Sources */,
				0153A85C2939FBAB008C4398 /* Person.swift in Sources */,
				014CE76A293B79E400653EA7 /* PopoverTipsViewController.swift in Sources */,
				0198EB4C293745CC00A039BA /* BindXibWithCustomClassView.swift in Sources */,
				01E3ACF52934D9EF0087B02A /* AboutWindowWindowController.swift in Sources */,
				01AD076E29198715006DE1DC /* ThemeShow.swift in Sources */,
				0144AABE293C435D0037F823 /* CustomPureInCodeTableView.swift in Sources */,
				01B64B2A293D0AC800BFA31C /* UnexpectedBUGWIndowController.swift in Sources */,
				01B64B22293C61DB00BFA31C /* MyCustomAnimator.swift in Sources */,
				014CE774293B894900653EA7 /* MyButton.swift in Sources */,
				01AD073D29197D9C006DE1DC /* AppDelegate.swift in Sources */,
				01B64B1B293C56AF00BFA31C /* UseViewControllerPresentationInWCWindowController.swift in Sources */,
				0144AAC1293C43A60037F823 /* CustomTableViewWindowController.swift in Sources */,
				0198EB452937335300A039BA /* LoadViewFromXibViewController.swift in Sources */,
				0198EBA82938A31F00A039BA /* CustomWebViewViewController.swift in Sources */,
				014CE772293B893B00653EA7 /* MyBindTableView.swift in Sources */,
			);
			runOnlyForDeploymentPostprocessing = 0;
		};
/* End PBXSourcesBuildPhase section */

/* Begin PBXVariantGroup section */
		01AD074229197D9D006DE1DC /* Main.storyboard */ = {
			isa = PBXVariantGroup;
			children = (
				01AD074329197D9D006DE1DC /* Base */,
			);
			name = Main.storyboard;
			sourceTree = "<group>";
		};
/* End PBXVariantGroup section */

/* Begin XCBuildConfiguration section */
		01AD074629197D9D006DE1DC /* Debug */ = {
			isa = XCBuildConfiguration;
			buildSettings = {
				ALWAYS_SEARCH_USER_PATHS = NO;
				CLANG_ANALYZER_NONNULL = YES;
				CLANG_ANALYZER_NUMBER_OBJECT_CONVERSION = YES_AGGRESSIVE;
				CLANG_CXX_LANGUAGE_STANDARD = "gnu++20";
				CLANG_ENABLE_MODULES = YES;
				CLANG_ENABLE_OBJC_ARC = YES;
				CLANG_ENABLE_OBJC_WEAK = YES;
				CLANG_WARN_BLOCK_CAPTURE_AUTORELEASING = YES;
				CLANG_WARN_BOOL_CONVERSION = YES;
				CLANG_WARN_COMMA = YES;
				CLANG_WARN_CONSTANT_CONVERSION = YES;
				CLANG_WARN_DEPRECATED_OBJC_IMPLEMENTATIONS = YES;
				CLANG_WARN_DIRECT_OBJC_ISA_USAGE = YES_ERROR;
				CLANG_WARN_DOCUMENTATION_COMMENTS = YES;
				CLANG_WARN_EMPTY_BODY = YES;
				CLANG_WARN_ENUM_CONVERSION = YES;
				CLANG_WARN_INFINITE_RECURSION = YES;
				CLANG_WARN_INT_CONVERSION = YES;
				CLANG_WARN_NON_LITERAL_NULL_CONVERSION = YES;
				CLANG_WARN_OBJC_IMPLICIT_RETAIN_SELF = YES;
				CLANG_WARN_OBJC_LITERAL_CONVERSION = YES;
				CLANG_WARN_OBJC_ROOT_CLASS = YES_ERROR;
				CLANG_WARN_QUOTED_INCLUDE_IN_FRAMEWORK_HEADER = YES;
				CLANG_WARN_RANGE_LOOP_ANALYSIS = YES;
				CLANG_WARN_STRICT_PROTOTYPES = YES;
				CLANG_WARN_SUSPICIOUS_MOVE = YES;
				CLANG_WARN_UNGUARDED_AVAILABILITY = YES_AGGRESSIVE;
				CLANG_WARN_UNREACHABLE_CODE = YES;
				CLANG_WARN__DUPLICATE_METHOD_MATCH = YES;
				COPY_PHASE_STRIP = NO;
				DEBUG_INFORMATION_FORMAT = dwarf;
				ENABLE_STRICT_OBJC_MSGSEND = YES;
				ENABLE_TESTABILITY = YES;
				GCC_C_LANGUAGE_STANDARD = gnu11;
				GCC_DYNAMIC_NO_PIC = NO;
				GCC_NO_COMMON_BLOCKS = YES;
				GCC_OPTIMIZATION_LEVEL = 0;
				GCC_PREPROCESSOR_DEFINITIONS = (
					"DEBUG=1",
					"$(inherited)",
				);
				GCC_WARN_64_TO_32_BIT_CONVERSION = YES;
				GCC_WARN_ABOUT_RETURN_TYPE = YES_ERROR;
				GCC_WARN_UNDECLARED_SELECTOR = YES;
				GCC_WARN_UNINITIALIZED_AUTOS = YES_AGGRESSIVE;
				GCC_WARN_UNUSED_FUNCTION = YES;
				GCC_WARN_UNUSED_VARIABLE = YES;
				MACOSX_DEPLOYMENT_TARGET = 12.5;
				MTL_ENABLE_DEBUG_INFO = INCLUDE_SOURCE;
				MTL_FAST_MATH = YES;
				ONLY_ACTIVE_ARCH = YES;
				SDKROOT = macosx;
				SWIFT_ACTIVE_COMPILATION_CONDITIONS = DEBUG;
				SWIFT_OPTIMIZATION_LEVEL = "-Onone";
			};
			name = Debug;
		};
		01AD074729197D9D006DE1DC /* Release */ = {
			isa = XCBuildConfiguration;
			buildSettings = {
				ALWAYS_SEARCH_USER_PATHS = NO;
				CLANG_ANALYZER_NONNULL = YES;
				CLANG_ANALYZER_NUMBER_OBJECT_CONVERSION = YES_AGGRESSIVE;
				CLANG_CXX_LANGUAGE_STANDARD = "gnu++20";
				CLANG_ENABLE_MODULES = YES;
				CLANG_ENABLE_OBJC_ARC = YES;
				CLANG_ENABLE_OBJC_WEAK = YES;
				CLANG_WARN_BLOCK_CAPTURE_AUTORELEASING = YES;
				CLANG_WARN_BOOL_CONVERSION = YES;
				CLANG_WARN_COMMA = YES;
				CLANG_WARN_CONSTANT_CONVERSION = YES;
				CLANG_WARN_DEPRECATED_OBJC_IMPLEMENTATIONS = YES;
				CLANG_WARN_DIRECT_OBJC_ISA_USAGE = YES_ERROR;
				CLANG_WARN_DOCUMENTATION_COMMENTS = YES;
				CLANG_WARN_EMPTY_BODY = YES;
				CLANG_WARN_ENUM_CONVERSION = YES;
				CLANG_WARN_INFINITE_RECURSION = YES;
				CLANG_WARN_INT_CONVERSION = YES;
				CLANG_WARN_NON_LITERAL_NULL_CONVERSION = YES;
				CLANG_WARN_OBJC_IMPLICIT_RETAIN_SELF = YES;
				CLANG_WARN_OBJC_LITERAL_CONVERSION = YES;
				CLANG_WARN_OBJC_ROOT_CLASS = YES_ERROR;
				CLANG_WARN_QUOTED_INCLUDE_IN_FRAMEWORK_HEADER = YES;
				CLANG_WARN_RANGE_LOOP_ANALYSIS = YES;
				CLANG_WARN_STRICT_PROTOTYPES = YES;
				CLANG_WARN_SUSPICIOUS_MOVE = YES;
				CLANG_WARN_UNGUARDED_AVAILABILITY = YES_AGGRESSIVE;
				CLANG_WARN_UNREACHABLE_CODE = YES;
				CLANG_WARN__DUPLICATE_METHOD_MATCH = YES;
				COPY_PHASE_STRIP = NO;
				DEBUG_INFORMATION_FORMAT = "dwarf-with-dsym";
				ENABLE_NS_ASSERTIONS = NO;
				ENABLE_STRICT_OBJC_MSGSEND = YES;
				GCC_C_LANGUAGE_STANDARD = gnu11;
				GCC_NO_COMMON_BLOCKS = YES;
				GCC_WARN_64_TO_32_BIT_CONVERSION = YES;
				GCC_WARN_ABOUT_RETURN_TYPE = YES_ERROR;
				GCC_WARN_UNDECLARED_SELECTOR = YES;
				GCC_WARN_UNINITIALIZED_AUTOS = YES_AGGRESSIVE;
				GCC_WARN_UNUSED_FUNCTION = YES;
				GCC_WARN_UNUSED_VARIABLE = YES;
				MACOSX_DEPLOYMENT_TARGET = 12.5;
				MTL_ENABLE_DEBUG_INFO = NO;
				MTL_FAST_MATH = YES;
				SDKROOT = macosx;
				SWIFT_COMPILATION_MODE = wholemodule;
				SWIFT_OPTIMIZATION_LEVEL = "-O";
			};
			name = Release;
		};
		01AD074929197D9D006DE1DC /* Debug */ = {
			isa = XCBuildConfiguration;
			buildSettings = {
				ASSETCATALOG_COMPILER_APPICON_NAME = AppIcon;
				ASSETCATALOG_COMPILER_GLOBAL_ACCENT_COLOR_NAME = AccentColor;
				CODE_SIGN_ENTITLEMENTS = MacosDevNotebook/MacosDevNotebook.entitlements;
				CODE_SIGN_IDENTITY = "-";
				CODE_SIGN_STYLE = Automatic;
				COMBINE_HIDPI_IMAGES = YES;
				CURRENT_PROJECT_VERSION = 1;
				DEVELOPMENT_TEAM = 8NRT6H3C5H;
				ENABLE_HARDENED_RUNTIME = YES;
				GENERATE_INFOPLIST_FILE = YES;
				INFOPLIST_KEY_LSApplicationCategoryType = "public.app-category.developer-tools";
				INFOPLIST_KEY_NSHumanReadableCopyright = "";
				INFOPLIST_KEY_NSMainStoryboardFile = Main;
				INFOPLIST_KEY_NSPrincipalClass = NSApplication;
				LD_RUNPATH_SEARCH_PATHS = (
					"$(inherited)",
					"@executable_path/../Frameworks",
				);
				MACOSX_DEPLOYMENT_TARGET = 12.0;
				MARKETING_VERSION = 1.0;
				PRODUCT_BUNDLE_IDENTIFIER = com.wxrj.MacosDevNotebook;
				PRODUCT_NAME = "$(TARGET_NAME)";
				SWIFT_EMIT_LOC_STRINGS = YES;
				SWIFT_VERSION = 5.0;
			};
			name = Debug;
		};
		01AD074A29197D9D006DE1DC /* Release */ = {
			isa = XCBuildConfiguration;
			buildSettings = {
				ASSETCATALOG_COMPILER_APPICON_NAME = AppIcon;
				ASSETCATALOG_COMPILER_GLOBAL_ACCENT_COLOR_NAME = AccentColor;
				CODE_SIGN_ENTITLEMENTS = MacosDevNotebook/MacosDevNotebook.entitlements;
				CODE_SIGN_IDENTITY = "-";
				CODE_SIGN_STYLE = Automatic;
				COMBINE_HIDPI_IMAGES = YES;
				CURRENT_PROJECT_VERSION = 1;
				DEVELOPMENT_TEAM = 8NRT6H3C5H;
				ENABLE_HARDENED_RUNTIME = YES;
				GENERATE_INFOPLIST_FILE = YES;
				INFOPLIST_KEY_LSApplicationCategoryType = "public.app-category.developer-tools";
				INFOPLIST_KEY_NSHumanReadableCopyright = "";
				INFOPLIST_KEY_NSMainStoryboardFile = Main;
				INFOPLIST_KEY_NSPrincipalClass = NSApplication;
				LD_RUNPATH_SEARCH_PATHS = (
					"$(inherited)",
					"@executable_path/../Frameworks",
				);
				MACOSX_DEPLOYMENT_TARGET = 12.0;
				MARKETING_VERSION = 1.0;
				PRODUCT_BUNDLE_IDENTIFIER = com.wxrj.MacosDevNotebook;
				PRODUCT_NAME = "$(TARGET_NAME)";
				SWIFT_EMIT_LOC_STRINGS = YES;
				SWIFT_VERSION = 5.0;
			};
			name = Release;
		};
/* End XCBuildConfiguration section */

/* Begin XCConfigurationList section */
		01AD073429197D9C006DE1DC /* Build configuration list for PBXProject "MacosDevNotebook" */ = {
			isa = XCConfigurationList;
			buildConfigurations = (
				01AD074629197D9D006DE1DC /* Debug */,
				01AD074729197D9D006DE1DC /* Release */,
			);
			defaultConfigurationIsVisible = 0;
			defaultConfigurationName = Release;
		};
		01AD074829197D9D006DE1DC /* Build configuration list for PBXNativeTarget "MacosDevNotebook" */ = {
			isa = XCConfigurationList;
			buildConfigurations = (
				01AD074929197D9D006DE1DC /* Debug */,
				01AD074A29197D9D006DE1DC /* Release */,
			);
			defaultConfigurationIsVisible = 0;
			defaultConfigurationName = Release;
		};
/* End XCConfigurationList section */

/* Begin XCRemoteSwiftPackageReference section */
		0153A85D2939FDBC008C4398 /* XCRemoteSwiftPackageReference "realm-swift" */ = {
			isa = XCRemoteSwiftPackageReference;
			repositoryURL = "https://github.com/realm/realm-swift.git";
			requirement = {
				branch = master;
				kind = branch;
			};
		};
		01B64B15293C524000BFA31C /* XCRemoteSwiftPackageReference "SnapKit" */ = {
			isa = XCRemoteSwiftPackageReference;
			repositoryURL = "https://github.com/SnapKit/SnapKit.git";
			requirement = {
				branch = develop;
				kind = branch;
			};
		};
/* End XCRemoteSwiftPackageReference section */

/* Begin XCSwiftPackageProductDependency section */
		0153A85E2939FDBC008C4398 /* Realm */ = {
			isa = XCSwiftPackageProductDependency;
			package = 0153A85D2939FDBC008C4398 /* XCRemoteSwiftPackageReference "realm-swift" */;
			productName = Realm;
		};
		0153A8602939FDBC008C4398 /* RealmSwift */ = {
			isa = XCSwiftPackageProductDependency;
			package = 0153A85D2939FDBC008C4398 /* XCRemoteSwiftPackageReference "realm-swift" */;
			productName = RealmSwift;
		};
		01B64B16293C524000BFA31C /* SnapKit */ = {
			isa = XCSwiftPackageProductDependency;
			package = 01B64B15293C524000BFA31C /* XCRemoteSwiftPackageReference "SnapKit" */;
			productName = SnapKit;
		};
/* End XCSwiftPackageProductDependency section */
	};
	rootObject = 01AD073129197D9C006DE1DC /* Project object */;
}
